
Microsoft Visual Studio Solution File, Format Version 12.00
# Visual Studio Version 17
VisualStudioVersion = 17.6.33801.468
MinimumVisualStudioVersion = 10.0.40219.1
Project("{9A19103F-16F7-4668-BE54-9A1E7A4F7556}") = "MazeRunner", "MazeRunner\MazeRunner.csproj", "{BB8E32E7-7362-4E20-A778-7E8D158914AA}"
EndProject
Project("{9A19103F-16F7-4668-BE54-9A1E7A4F7556}") = "MazeRunner.UnitTests", "MazeRunner.UnitTests\MazeRunner.UnitTests.csproj", "{B923D82E-BD17-49BD-B75D-834031BA5B13}"
EndProject
Project("{2150E333-8FDC-42A3-9474-1A3956D46DE8}") = "Solution Items", "Solution Items", "{E67623B0-B95A-40D8-93AB-CEF8D264FD14}"
	ProjectSection(SolutionItems) = preProject
		.gitignore = .gitignore
	EndProjectSection
EndProject
Global
	GlobalSection(SolutionConfigurationPlatforms) = preSolution
		Debug|Any CPU = Debug|Any CPU
		Release|Any CPU = Release|Any CPU
	EndGlobalSection
	GlobalSection(ProjectConfigurationPlatforms) = postSolution
		{BB8E32E7-7362-4E20-A778-7E8D158914AA}.Debug|Any CPU.ActiveCfg = Debug|Any CPU
		{BB8E32E7-7362-4E20-A778-7E8D158914AA}.Debug|Any CPU.Build.0 = Debug|Any CPU
		{BB8E32E7-7362-4E20-A778-7E8D158914AA}.Release|Any CPU.ActiveCfg = Release|Any CPU
		{BB8E32E7-7362-4E20-A778-7E8D158914AA}.Release|Any CPU.Build.0 = Release|Any CPU
		{B923D82E-BD17-49BD-B75D-834031BA5B13}.Debug|Any CPU.ActiveCfg = Debug|Any CPU
		{B923D82E-BD17-49BD-B75D-834031BA5B13}.Debug|Any CPU.Build.0 = Debug|Any CPU
		{B923D82E-BD17-49BD-B75D-834031BA5B13}.Release|Any CPU.ActiveCfg = Release|Any CPU
		{B923D82E-BD17-49BD-B75D-834031BA5B13}.Release|Any CPU.Build.0 = Release|Any CPU
	EndGlobalSection
	GlobalSection(SolutionProperties) = preSolution
		HideSolutionNode = FALSE
	EndGlobalSection
	GlobalSection(ExtensibilityGlobals) = postSolution
		SolutionGuid = {353EA5D0-5E3A-45A1-81DA-5C0A6788D480}
	EndGlobalSection
EndGlobal
